
Microsoft Visual Studio Solution File, Format Version 12.00
# Visual Studio Express 2013 for Windows Desktop
VisualStudioVersion = 12.0.20617.1 PREVIEW
MinimumVisualStudioVersion = 10.0.40219.1
Project("{8BC9CEB8-8B4A-11D0-8D11-00A0C91BC942}") = "HelloWorld", "HelloWorld\HelloWorld.vcxproj", "{5E7A35E6-C1F4-4F80-812E-90ABD3E529AE}"
EndProject
Global
	GlobalSection(SolutionConfigurationPlatforms) = preSolution
		Debug|Win32 = Debug|Win32
		Release|Win32 = Release|Win32
	EndGlobalSection
	GlobalSection(ProjectConfigurationPlatforms) = postSolution
		{5E7A35E6-C1F4-4F80-812E-90ABD3E529AE}.Debug|Win32.ActiveCfg = Debug|Win32
		{5E7A35E6-C1F4-4F80-812E-90ABD3E529AE}.Debug|Win32.Build.0 = Debug|Win32
		{5E7A35E6-C1F4-4F80-812E-90ABD3E529AE}.Release|Win32.ActiveCfg = Release|Win32
		{5E7A35E6-C1F4-4F80-812E-90ABD3E529AE}.Release|Win32.Build.0 = Release|Win32
	EndGlobalSection
	GlobalSection(SolutionProperties) = preSolution
		HideSolutionNode = FALSE
	EndGlobalSection
EndGlobal
